
Microsoft Visual Studio Solution File, Format Version 12.00
# Visual Studio Version 17
VisualStudioVersion = 17.3.32901.215
MinimumVisualStudioVersion = 10.0.40219.1
Project("{9A19103F-16F7-4668-BE54-9A1E7A4F7556}") = "IF", "IF\IF.csproj", "{4D16BA3B-8E85-4403-9D95-EDE59FE96CA7}"
EndProject
Project("{FAE04EC0-301F-11D3-BF4B-00C04F79EFBC}") = "horarioDia", "horarioDia\horarioDia.csproj", "{3D378568-9181-4B7C-A761-7CC6E7A1A5F4}"
EndProject
Global
	GlobalSection(SolutionConfigurationPlatforms) = preSolution
		Debug|Any CPU = Debug|Any CPU
		Release|Any CPU = Release|Any CPU
	EndGlobalSection
	GlobalSection(ProjectConfigurationPlatforms) = postSolution
		{4D16BA3B-8E85-4403-9D95-EDE59FE96CA7}.Debug|Any CPU.ActiveCfg = Debug|Any CPU
		{4D16BA3B-8E85-4403-9D95-EDE59FE96CA7}.Debug|Any CPU.Build.0 = Debug|Any CPU
		{4D16BA3B-8E85-4403-9D95-EDE59FE96CA7}.Release|Any CPU.ActiveCfg = Release|Any CPU
		{4D16BA3B-8E85-4403-9D95-EDE59FE96CA7}.Release|Any CPU.Build.0 = Release|Any CPU
		{3D378568-9181-4B7C-A761-7CC6E7A1A5F4}.Debug|Any CPU.ActiveCfg = Debug|Any CPU
		{3D378568-9181-4B7C-A761-7CC6E7A1A5F4}.Debug|Any CPU.Build.0 = Debug|Any CPU
		{3D378568-9181-4B7C-A761-7CC6E7A1A5F4}.Release|Any CPU.ActiveCfg = Release|Any CPU
		{3D378568-9181-4B7C-A761-7CC6E7A1A5F4}.Release|Any CPU.Build.0 = Release|Any CPU
	EndGlobalSection
	GlobalSection(SolutionProperties) = preSolution
		HideSolutionNode = FALSE
	EndGlobalSection
	GlobalSection(ExtensibilityGlobals) = postSolution
		SolutionGuid = {ED5A34F5-9933-4B8B-9D6A-973021850925}
	EndGlobalSection
EndGlobal
